
Microsoft Visual Studio Solution File, Format Version 12.00
# Visual Studio Version 17
VisualStudioVersion = 17.11.35327.3
MinimumVisualStudioVersion = 10.0.40219.1
Project("{FAE04EC0-301F-11D3-BF4B-00C04F79EFBC}") = "CadParcial2Ecg", "CadParcial2Ecg\CadParcial2Ecg.csproj", "{20B2E3F7-BF0A-459F-AF25-02438BCFDCDC}"
EndProject
Project("{FAE04EC0-301F-11D3-BF4B-00C04F79EFBC}") = "ClnParcial2Ecg", "ClnParcial2Ecg\ClnParcial2Ecg.csproj", "{3F18BB4C-BD6D-4287-B22E-B9417DF9188A}"
EndProject
Project("{FAE04EC0-301F-11D3-BF4B-00C04F79EFBC}") = "CpParcial2Ecg", "CpParcial2Ecg\CpParcial2Ecg.csproj", "{D114069A-1D2A-4682-B21E-54BC6E991BA1}"
EndProject
Global
	GlobalSection(SolutionConfigurationPlatforms) = preSolution
		Debug|Any CPU = Debug|Any CPU
		Release|Any CPU = Release|Any CPU
	EndGlobalSection
	GlobalSection(ProjectConfigurationPlatforms) = postSolution
		{20B2E3F7-BF0A-459F-AF25-02438BCFDCDC}.Debug|Any CPU.ActiveCfg = Debug|Any CPU
		{20B2E3F7-BF0A-459F-AF25-02438BCFDCDC}.Debug|Any CPU.Build.0 = Debug|Any CPU
		{20B2E3F7-BF0A-459F-AF25-02438BCFDCDC}.Release|Any CPU.ActiveCfg = Release|Any CPU
		{20B2E3F7-BF0A-459F-AF25-02438BCFDCDC}.Release|Any CPU.Build.0 = Release|Any CPU
		{3F18BB4C-BD6D-4287-B22E-B9417DF9188A}.Debug|Any CPU.ActiveCfg = Debug|Any CPU
		{3F18BB4C-BD6D-4287-B22E-B9417DF9188A}.Debug|Any CPU.Build.0 = Debug|Any CPU
		{3F18BB4C-BD6D-4287-B22E-B9417DF9188A}.Release|Any CPU.ActiveCfg = Release|Any CPU
		{3F18BB4C-BD6D-4287-B22E-B9417DF9188A}.Release|Any CPU.Build.0 = Release|Any CPU
		{D114069A-1D2A-4682-B21E-54BC6E991BA1}.Debug|Any CPU.ActiveCfg = Debug|Any CPU
		{D114069A-1D2A-4682-B21E-54BC6E991BA1}.Debug|Any CPU.Build.0 = Debug|Any CPU
		{D114069A-1D2A-4682-B21E-54BC6E991BA1}.Release|Any CPU.ActiveCfg = Release|Any CPU
		{D114069A-1D2A-4682-B21E-54BC6E991BA1}.Release|Any CPU.Build.0 = Release|Any CPU
	EndGlobalSection
	GlobalSection(SolutionProperties) = preSolution
		HideSolutionNode = FALSE
	EndGlobalSection
	GlobalSection(ExtensibilityGlobals) = postSolution
		SolutionGuid = {15BE87AF-032B-48AA-977D-C8D05F1A3809}
	EndGlobalSection
EndGlobal
